
Microsoft Visual Studio Solution File, Format Version 12.00
# Visual Studio Version 17
VisualStudioVersion = 17.4.33110.190
MinimumVisualStudioVersion = 10.0.40219.1
Project("{FAE04EC0-301F-11D3-BF4B-00C04F79EFBC}") = "GTA5MenuTools", "GTA5MenuTools.csproj", "{626E5502-C3A3-4A89-B259-1339A7B2973F}"
EndProject
Global
	GlobalSection(SolutionConfigurationPlatforms) = preSolution
		Debug|Any CPU = Debug|Any CPU
		Release|Any CPU = Release|Any CPU
	EndGlobalSection
	GlobalSection(ProjectConfigurationPlatforms) = postSolution
		{626E5502-C3A3-4A89-B259-1339A7B2973F}.Debug|Any CPU.ActiveCfg = Debug|Any CPU
		{626E5502-C3A3-4A89-B259-1339A7B2973F}.Debug|Any CPU.Build.0 = Debug|Any CPU
		{626E5502-C3A3-4A89-B259-1339A7B2973F}.Release|Any CPU.ActiveCfg = Release|Any CPU
		{626E5502-C3A3-4A89-B259-1339A7B2973F}.Release|Any CPU.Build.0 = Release|Any CPU
	EndGlobalSection
	GlobalSection(SolutionProperties) = preSolution
		HideSolutionNode = FALSE
	EndGlobalSection
	GlobalSection(ExtensibilityGlobals) = postSolution
		SolutionGuid = {E1996957-8578-48F2-9EFD-81998C4A71D5}
	EndGlobalSection
EndGlobal
