
Microsoft Visual Studio Solution File, Format Version 12.00
# Visual Studio Version 17
VisualStudioVersion = 17.4.33205.214
MinimumVisualStudioVersion = 10.0.40219.1
Project("{FAE04EC0-301F-11D3-BF4B-00C04F79EFBC}") = "Update", "Update.csproj", "{73F8BD34-716F-41FF-95B2-73714210801D}"
EndProject
Global
	GlobalSection(SolutionConfigurationPlatforms) = preSolution
		Debug|Any CPU = Debug|Any CPU
		Release|Any CPU = Release|Any CPU
	EndGlobalSection
	GlobalSection(ProjectConfigurationPlatforms) = postSolution
		{73F8BD34-716F-41FF-95B2-73714210801D}.Debug|Any CPU.ActiveCfg = Debug|Any CPU
		{73F8BD34-716F-41FF-95B2-73714210801D}.Debug|Any CPU.Build.0 = Debug|Any CPU
		{73F8BD34-716F-41FF-95B2-73714210801D}.Release|Any CPU.ActiveCfg = Release|Any CPU
		{73F8BD34-716F-41FF-95B2-73714210801D}.Release|Any CPU.Build.0 = Release|Any CPU
	EndGlobalSection
	GlobalSection(SolutionProperties) = preSolution
		HideSolutionNode = FALSE
	EndGlobalSection
	GlobalSection(ExtensibilityGlobals) = postSolution
		SolutionGuid = {0CB57215-48E2-4008-8F6A-97D42D1547D9}
	EndGlobalSection
EndGlobal
